// !$*UTF8*$!
{
	archiveVersion = 1;
	classes = {
	};
	objectVersion = 46;
	objects = {

/* Begin PBXBuildFile section */
		36CACB99190DF71585613613 /* libPods-iHelp.a in Frameworks */ = {isa = PBXBuildFile; fileRef = 97A3294E89CFBC85AF25FE71 /* libPods-iHelp.a */; };
		768FF1AB1BF0E3B600B4A028 /* main.m in Sources */ = {isa = PBXBuildFile; fileRef = 768FF1AA1BF0E3B600B4A028 /* main.m */; };
		768FF1AE1BF0E3B600B4A028 /* AppDelegate.m in Sources */ = {isa = PBXBuildFile; fileRef = 768FF1AD1BF0E3B600B4A028 /* AppDelegate.m */; };
		768FF1B41BF0E3B600B4A028 /* Main.storyboard in Resources */ = {isa = PBXBuildFile; fileRef = 768FF1B21BF0E3B600B4A028 /* Main.storyboard */; };
		768FF1B61BF0E3B600B4A028 /* Assets.xcassets in Resources */ = {isa = PBXBuildFile; fileRef = 768FF1B51BF0E3B600B4A028 /* Assets.xcassets */; };
		768FF1B91BF0E3B600B4A028 /* LaunchScreen.storyboard in Resources */ = {isa = PBXBuildFile; fileRef = 768FF1B71BF0E3B600B4A028 /* LaunchScreen.storyboard */; };
		768FF1C41BF0E3B600B4A028 /* iHelpTests.m in Sources */ = {isa = PBXBuildFile; fileRef = 768FF1C31BF0E3B600B4A028 /* iHelpTests.m */; };
		768FF1CF1BF0E3B600B4A028 /* iHelpUITests.m in Sources */ = {isa = PBXBuildFile; fileRef = 768FF1CE1BF0E3B600B4A028 /* iHelpUITests.m */; };
		76AD59CA1BF0EC6000EFB09A /* IHPDataStore.m in Sources */ = {isa = PBXBuildFile; fileRef = 76AD59C91BF0EC6000EFB09A /* IHPDataStore.m */; };
		76D40C191BF0E6D600DE97C8 /* IHPParseAPIClient.m in Sources */ = {isa = PBXBuildFile; fileRef = 76D40C181BF0E6D600DE97C8 /* IHPParseAPIClient.m */; };
/* End PBXBuildFile section */

/* Begin PBXContainerItemProxy section */
		768FF1C01BF0E3B600B4A028 /* PBXContainerItemProxy */ = {
			isa = PBXContainerItemProxy;
			containerPortal = 768FF19E1BF0E3B600B4A028 /* Project object */;
			proxyType = 1;
			remoteGlobalIDString = 768FF1A51BF0E3B600B4A028;
			remoteInfo = iHelp;
		};
		768FF1CB1BF0E3B600B4A028 /* PBXContainerItemProxy */ = {
			isa = PBXContainerItemProxy;
			containerPortal = 768FF19E1BF0E3B600B4A028 /* Project object */;
			proxyType = 1;
			remoteGlobalIDString = 768FF1A51BF0E3B600B4A028;
			remoteInfo = iHelp;
		};
/* End PBXContainerItemProxy section */

/* Begin PBXFileReference section */
		6882405A85E99B6617A2C0D1 /* Pods-iHelp.debug.xcconfig */ = {isa = PBXFileReference; includeInIndex = 1; lastKnownFileType = text.xcconfig; name = "Pods-iHelp.debug.xcconfig"; path = "Pods/Target Support Files/Pods-iHelp/Pods-iHelp.debug.xcconfig"; sourceTree = "<group>"; };
		768FF1A61BF0E3B600B4A028 /* iHelp.app */ = {isa = PBXFileReference; explicitFileType = wrapper.application; includeInIndex = 0; path = iHelp.app; sourceTree = BUILT_PRODUCTS_DIR; };
		768FF1AA1BF0E3B600B4A028 /* main.m */ = {isa = PBXFileReference; lastKnownFileType = sourcecode.c.objc; path = main.m; sourceTree = "<group>"; };
		768FF1AC1BF0E3B600B4A028 /* AppDelegate.h */ = {isa = PBXFileReference; lastKnownFileType = sourcecode.c.h; path = AppDelegate.h; sourceTree = "<group>"; };
		768FF1AD1BF0E3B600B4A028 /* AppDelegate.m */ = {isa = PBXFileReference; lastKnownFileType = sourcecode.c.objc; path = AppDelegate.m; sourceTree = "<group>"; };
		768FF1B31BF0E3B600B4A028 /* Base */ = {isa = PBXFileReference; lastKnownFileType = file.storyboard; name = Base; path = Base.lproj/Main.storyboard; sourceTree = "<group>"; };
		768FF1B51BF0E3B600B4A028 /* Assets.xcassets */ = {isa = PBXFileReference; lastKnownFileType = folder.assetcatalog; path = Assets.xcassets; sourceTree = "<group>"; };
		768FF1B81BF0E3B600B4A028 /* Base */ = {isa = PBXFileReference; lastKnownFileType = file.storyboard; name = Base; path = Base.lproj/LaunchScreen.storyboard; sourceTree = "<group>"; };
		768FF1BA1BF0E3B600B4A028 /* Info.plist */ = {isa = PBXFileReference; lastKnownFileType = text.plist.xml; path = Info.plist; sourceTree = "<group>"; };
		768FF1BF1BF0E3B600B4A028 /* iHelpTests.xctest */ = {isa = PBXFileReference; explicitFileType = wrapper.cfbundle; includeInIndex = 0; path = iHelpTests.xctest; sourceTree = BUILT_PRODUCTS_DIR; };
		768FF1C31BF0E3B600B4A028 /* iHelpTests.m */ = {isa = PBXFileReference; lastKnownFileType = sourcecode.c.objc; path = iHelpTests.m; sourceTree = "<group>"; };
		768FF1C51BF0E3B600B4A028 /* Info.plist */ = {isa = PBXFileReference; lastKnownFileType = text.plist.xml; path = Info.plist; sourceTree = "<group>"; };
		768FF1CA1BF0E3B600B4A028 /* iHelpUITests.xctest */ = {isa = PBXFileReference; explicitFileType = wrapper.cfbundle; includeInIndex = 0; path = iHelpUITests.xctest; sourceTree = BUILT_PRODUCTS_DIR; };
		768FF1CE1BF0E3B600B4A028 /* iHelpUITests.m */ = {isa = PBXFileReference; lastKnownFileType = sourcecode.c.objc; path = iHelpUITests.m; sourceTree = "<group>"; };
		768FF1D01BF0E3B600B4A028 /* Info.plist */ = {isa = PBXFileReference; lastKnownFileType = text.plist.xml; path = Info.plist; sourceTree = "<group>"; };
		76AD59C81BF0EC6000EFB09A /* IHPDataStore.h */ = {isa = PBXFileReference; fileEncoding = 4; lastKnownFileType = sourcecode.c.h; path = IHPDataStore.h; sourceTree = "<group>"; };
		76AD59C91BF0EC6000EFB09A /* IHPDataStore.m */ = {isa = PBXFileReference; fileEncoding = 4; lastKnownFileType = sourcecode.c.objc; path = IHPDataStore.m; sourceTree = "<group>"; };
		76D40C171BF0E6D600DE97C8 /* IHPParseAPIClient.h */ = {isa = PBXFileReference; fileEncoding = 4; lastKnownFileType = sourcecode.c.h; path = IHPParseAPIClient.h; sourceTree = "<group>"; };
		76D40C181BF0E6D600DE97C8 /* IHPParseAPIClient.m */ = {isa = PBXFileReference; fileEncoding = 4; lastKnownFileType = sourcecode.c.objc; path = IHPParseAPIClient.m; sourceTree = "<group>"; };
		97A3294E89CFBC85AF25FE71 /* libPods-iHelp.a */ = {isa = PBXFileReference; explicitFileType = archive.ar; includeInIndex = 0; path = "libPods-iHelp.a"; sourceTree = BUILT_PRODUCTS_DIR; };
		ED412BB30E59E3EDECFDE9B2 /* Pods-iHelp.release.xcconfig */ = {isa = PBXFileReference; includeInIndex = 1; lastKnownFileType = text.xcconfig; name = "Pods-iHelp.release.xcconfig"; path = "Pods/Target Support Files/Pods-iHelp/Pods-iHelp.release.xcconfig"; sourceTree = "<group>"; };
/* End PBXFileReference section */

/* Begin PBXFrameworksBuildPhase section */
		768FF1A31BF0E3B600B4A028 /* Frameworks */ = {
			isa = PBXFrameworksBuildPhase;
			buildActionMask = 2147483647;
			files = (
				36CACB99190DF71585613613 /* libPods-iHelp.a in Frameworks */,
			);
			runOnlyForDeploymentPostprocessing = 0;
		};
		768FF1BC1BF0E3B600B4A028 /* Frameworks */ = {
			isa = PBXFrameworksBuildPhase;
			buildActionMask = 2147483647;
			files = (
			);
			runOnlyForDeploymentPostprocessing = 0;
		};
		768FF1C71BF0E3B600B4A028 /* Frameworks */ = {
			isa = PBXFrameworksBuildPhase;
			buildActionMask = 2147483647;
			files = (
			);
			runOnlyForDeploymentPostprocessing = 0;
		};
/* End PBXFrameworksBuildPhase section */

/* Begin PBXGroup section */
		0572F39F0A4998F92044C28B /* Frameworks */ = {
			isa = PBXGroup;
			children = (
				97A3294E89CFBC85AF25FE71 /* libPods-iHelp.a */,
			);
			name = Frameworks;
			sourceTree = "<group>";
		};
		768FF19D1BF0E3B600B4A028 = {
			isa = PBXGroup;
			children = (
				768FF1A81BF0E3B600B4A028 /* iHelp */,
				768FF1C21BF0E3B600B4A028 /* iHelpTests */,
				768FF1CD1BF0E3B600B4A028 /* iHelpUITests */,
				768FF1A71BF0E3B600B4A028 /* Products */,
				9B161C8969AC00065CB96FC3 /* Pods */,
				0572F39F0A4998F92044C28B /* Frameworks */,
			);
			sourceTree = "<group>";
		};
		768FF1A71BF0E3B600B4A028 /* Products */ = {
			isa = PBXGroup;
			children = (
				768FF1A61BF0E3B600B4A028 /* iHelp.app */,
				768FF1BF1BF0E3B600B4A028 /* iHelpTests.xctest */,
				768FF1CA1BF0E3B600B4A028 /* iHelpUITests.xctest */,
			);
			name = Products;
			sourceTree = "<group>";
		};
		768FF1A81BF0E3B600B4A028 /* iHelp */ = {
			isa = PBXGroup;
			children = (
				768FF1E01BF0E62500B4A028 /* Objects */,
				768FF1DF1BF0E60400B4A028 /* Helper */,
				768FF1DE1BF0E5F700B4A028 /* Controllers */,
				768FF1DC1BF0E5D500B4A028 /* Misc */,
				768FF1DD1BF0E5E700B4A028 /* Story Boards */,
				768FF1A91BF0E3B600B4A028 /* Supporting Files */,
			);
			path = iHelp;
			sourceTree = "<group>";
		};
		768FF1A91BF0E3B600B4A028 /* Supporting Files */ = {
			isa = PBXGroup;
			children = (
				768FF1AA1BF0E3B600B4A028 /* main.m */,
			);
			name = "Supporting Files";
			sourceTree = "<group>";
		};
		768FF1C21BF0E3B600B4A028 /* iHelpTests */ = {
			isa = PBXGroup;
			children = (
				768FF1C31BF0E3B600B4A028 /* iHelpTests.m */,
				768FF1C51BF0E3B600B4A028 /* Info.plist */,
			);
			path = iHelpTests;
			sourceTree = "<group>";
		};
		768FF1CD1BF0E3B600B4A028 /* iHelpUITests */ = {
			isa = PBXGroup;
			children = (
				768FF1CE1BF0E3B600B4A028 /* iHelpUITests.m */,
				768FF1D01BF0E3B600B4A028 /* Info.plist */,
			);
			path = iHelpUITests;
			sourceTree = "<group>";
		};
		768FF1DC1BF0E5D500B4A028 /* Misc */ = {
			isa = PBXGroup;
			children = (
				768FF1AC1BF0E3B600B4A028 /* AppDelegate.h */,
				768FF1AD1BF0E3B600B4A028 /* AppDelegate.m */,
				768FF1B51BF0E3B600B4A028 /* Assets.xcassets */,
				768FF1BA1BF0E3B600B4A028 /* Info.plist */,
			);
			name = Misc;
			sourceTree = "<group>";
		};
		768FF1DD1BF0E5E700B4A028 /* Story Boards */ = {
			isa = PBXGroup;
			children = (
				768FF1B21BF0E3B600B4A028 /* Main.storyboard */,
				768FF1B71BF0E3B600B4A028 /* LaunchScreen.storyboard */,
			);
			name = "Story Boards";
			sourceTree = "<group>";
		};
		768FF1DE1BF0E5F700B4A028 /* Controllers */ = {
			isa = PBXGroup;
			children = (
			);
			name = Controllers;
			sourceTree = "<group>";
		};
		768FF1DF1BF0E60400B4A028 /* Helper */ = {
			isa = PBXGroup;
			children = (
				768FF1E11BF0E64B00B4A028 /* APIs */,
			);
			name = Helper;
			sourceTree = "<group>";
		};
		768FF1E01BF0E62500B4A028 /* Objects */ = {
			isa = PBXGroup;
			children = (
				76AD59C81BF0EC6000EFB09A /* IHPDataStore.h */,
				76AD59C91BF0EC6000EFB09A /* IHPDataStore.m */,
			);
			name = Objects;
			sourceTree = "<group>";
		};
		768FF1E11BF0E64B00B4A028 /* APIs */ = {
			isa = PBXGroup;
			children = (
				76D40C171BF0E6D600DE97C8 /* IHPParseAPIClient.h */,
				76D40C181BF0E6D600DE97C8 /* IHPParseAPIClient.m */,
			);
			name = APIs;
			sourceTree = "<group>";
		};
		9B161C8969AC00065CB96FC3 /* Pods */ = {
			isa = PBXGroup;
			children = (
				6882405A85E99B6617A2C0D1 /* Pods-iHelp.debug.xcconfig */,
				ED412BB30E59E3EDECFDE9B2 /* Pods-iHelp.release.xcconfig */,
			);
			name = Pods;
			sourceTree = "<group>";
		};
/* End PBXGroup section */

/* Begin PBXNativeTarget section */
		768FF1A51BF0E3B600B4A028 /* iHelp */ = {
			isa = PBXNativeTarget;
			buildConfigurationList = 768FF1D31BF0E3B600B4A028 /* Build configuration list for PBXNativeTarget "iHelp" */;
			buildPhases = (
				AEF002303C3ED2BD2E141026 /* Check Pods Manifest.lock */,
				768FF1A21BF0E3B600B4A028 /* Sources */,
				768FF1A31BF0E3B600B4A028 /* Frameworks */,
				768FF1A41BF0E3B600B4A028 /* Resources */,
				6575F15BCE2D24E8BD860596 /* Embed Pods Frameworks */,
				166DE1F2A789B8FDD6117DF9 /* Copy Pods Resources */,
			);
			buildRules = (
			);
			dependencies = (
			);
			name = iHelp;
			productName = iHelp;
			productReference = 768FF1A61BF0E3B600B4A028 /* iHelp.app */;
			productType = "com.apple.product-type.application";
		};
		768FF1BE1BF0E3B600B4A028 /* iHelpTests */ = {
			isa = PBXNativeTarget;
			buildConfigurationList = 768FF1D61BF0E3B600B4A028 /* Build configuration list for PBXNativeTarget "iHelpTests" */;
			buildPhases = (
				768FF1BB1BF0E3B600B4A028 /* Sources */,
				768FF1BC1BF0E3B600B4A028 /* Frameworks */,
				768FF1BD1BF0E3B600B4A028 /* Resources */,
			);
			buildRules = (
			);
			dependencies = (
				768FF1C11BF0E3B600B4A028 /* PBXTargetDependency */,
			);
			name = iHelpTests;
			productName = iHelpTests;
			productReference = 768FF1BF1BF0E3B600B4A028 /* iHelpTests.xctest */;
			productType = "com.apple.product-type.bundle.unit-test";
		};
		768FF1C91BF0E3B600B4A028 /* iHelpUITests */ = {
			isa = PBXNativeTarget;
			buildConfigurationList = 768FF1D91BF0E3B600B4A028 /* Build configuration list for PBXNativeTarget "iHelpUITests" */;
			buildPhases = (
				768FF1C61BF0E3B600B4A028 /* Sources */,
				768FF1C71BF0E3B600B4A028 /* Frameworks */,
				768FF1C81BF0E3B600B4A028 /* Resources */,
			);
			buildRules = (
			);
			dependencies = (
				768FF1CC1BF0E3B600B4A028 /* PBXTargetDependency */,
			);
			name = iHelpUITests;
			productName = iHelpUITests;
			productReference = 768FF1CA1BF0E3B600B4A028 /* iHelpUITests.xctest */;
			productType = "com.apple.product-type.bundle.ui-testing";
		};
/* End PBXNativeTarget section */

/* Begin PBXProject section */
		768FF19E1BF0E3B600B4A028 /* Project object */ = {
			isa = PBXProject;
			attributes = {
				LastUpgradeCheck = 0710;
				ORGANIZATIONNAME = dSolution;
				TargetAttributes = {
					768FF1A51BF0E3B600B4A028 = {
						CreatedOnToolsVersion = 7.1;
					};
					768FF1BE1BF0E3B600B4A028 = {
						CreatedOnToolsVersion = 7.1;
						TestTargetID = 768FF1A51BF0E3B600B4A028;
					};
					768FF1C91BF0E3B600B4A028 = {
						CreatedOnToolsVersion = 7.1;
						TestTargetID = 768FF1A51BF0E3B600B4A028;
					};
				};
			};
			buildConfigurationList = 768FF1A11BF0E3B600B4A028 /* Build configuration list for PBXProject "iHelp" */;
			compatibilityVersion = "Xcode 3.2";
			developmentRegion = English;
			hasScannedForEncodings = 0;
			knownRegions = (
				en,
				Base,
			);
			mainGroup = 768FF19D1BF0E3B600B4A028;
			productRefGroup = 768FF1A71BF0E3B600B4A028 /* Products */;
			projectDirPath = "";
			projectRoot = "";
			targets = (
				768FF1A51BF0E3B600B4A028 /* iHelp */,
				768FF1BE1BF0E3B600B4A028 /* iHelpTests */,
				768FF1C91BF0E3B600B4A028 /* iHelpUITests */,
			);
		};
/* End PBXProject section */

/* Begin PBXResourcesBuildPhase section */
		768FF1A41BF0E3B600B4A028 /* Resources */ = {
			isa = PBXResourcesBuildPhase;
			buildActionMask = 2147483647;
			files = (
				768FF1B91BF0E3B600B4A028 /* LaunchScreen.storyboard in Resources */,
				768FF1B61BF0E3B600B4A028 /* Assets.xcassets in Resources */,
				768FF1B41BF0E3B600B4A028 /* Main.storyboard in Resources */,
			);
			runOnlyForDeploymentPostprocessing = 0;
		};
		768FF1BD1BF0E3B600B4A028 /* Resources */ = {
			isa = PBXResourcesBuildPhase;
			buildActionMask = 2147483647;
			files = (
			);
			runOnlyForDeploymentPostprocessing = 0;
		};
		768FF1C81BF0E3B600B4A028 /* Resources */ = {
			isa = PBXResourcesBuildPhase;
			buildActionMask = 2147483647;
			files = (
			);
			runOnlyForDeploymentPostprocessing = 0;
		};
/* End PBXResourcesBuildPhase section */

/* Begin PBXShellScriptBuildPhase section */
		166DE1F2A789B8FDD6117DF9 /* Copy Pods Resources */ = {
			isa = PBXShellScriptBuildPhase;
			buildActionMask = 2147483647;
			files = (
			);
			inputPaths = (
			);
			name = "Copy Pods Resources";
			outputPaths = (
			);
			runOnlyForDeploymentPostprocessing = 0;
			shellPath = /bin/sh;
			shellScript = "\"${SRCROOT}/Pods/Target Support Files/Pods-iHelp/Pods-iHelp-resources.sh\"\n";
			showEnvVarsInLog = 0;
		};
		6575F15BCE2D24E8BD860596 /* Embed Pods Frameworks */ = {
			isa = PBXShellScriptBuildPhase;
			buildActionMask = 2147483647;
			files = (
			);
			inputPaths = (
			);
			name = "Embed Pods Frameworks";
			outputPaths = (
			);
			runOnlyForDeploymentPostprocessing = 0;
			shellPath = /bin/sh;
			shellScript = "\"${SRCROOT}/Pods/Target Support Files/Pods-iHelp/Pods-iHelp-frameworks.sh\"\n";
			showEnvVarsInLog = 0;
		};
		AEF002303C3ED2BD2E141026 /* Check Pods Manifest.lock */ = {
			isa = PBXShellScriptBuildPhase;
			buildActionMask = 2147483647;
			files = (
			);
			inputPaths = (
			);
			name = "Check Pods Manifest.lock";
			outputPaths = (
			);
			runOnlyForDeploymentPostprocessing = 0;
			shellPath = /bin/sh;
			shellScript = "diff \"${PODS_ROOT}/../Podfile.lock\" \"${PODS_ROOT}/Manifest.lock\" > /dev/null\nif [[ $? != 0 ]] ; then\n    cat << EOM\nerror: The sandbox is not in sync with the Podfile.lock. Run 'pod install' or update your CocoaPods installation.\nEOM\n    exit 1\nfi\n";
			showEnvVarsInLog = 0;
		};
/* End PBXShellScriptBuildPhase section */

/* Begin PBXSourcesBuildPhase section */
		768FF1A21BF0E3B600B4A028 /* Sources */ = {
			isa = PBXSourcesBuildPhase;
			buildActionMask = 2147483647;
			files = (
				76D40C191BF0E6D600DE97C8 /* IHPParseAPIClient.m in Sources */,
				76AD59CA1BF0EC6000EFB09A /* IHPDataStore.m in Sources */,
				768FF1AE1BF0E3B600B4A028 /* AppDelegate.m in Sources */,
				768FF1AB1BF0E3B600B4A028 /* main.m in Sources */,
			);
			runOnlyForDeploymentPostprocessing = 0;
		};
		768FF1BB1BF0E3B600B4A028 /* Sources */ = {
			isa = PBXSourcesBuildPhase;
			buildActionMask = 2147483647;
			files = (
				768FF1C41BF0E3B600B4A028 /* iHelpTests.m in Sources */,
			);
			runOnlyForDeploymentPostprocessing = 0;
		};
		768FF1C61BF0E3B600B4A028 /* Sources */ = {
			isa = PBXSourcesBuildPhase;
			buildActionMask = 2147483647;
			files = (
				768FF1CF1BF0E3B600B4A028 /* iHelpUITests.m in Sources */,
			);
			runOnlyForDeploymentPostprocessing = 0;
		};
/* End PBXSourcesBuildPhase section */

/* Begin PBXTargetDependency section */
		768FF1C11BF0E3B600B4A028 /* PBXTargetDependency */ = {
			isa = PBXTargetDependency;
			target = 768FF1A51BF0E3B600B4A028 /* iHelp */;
			targetProxy = 768FF1C01BF0E3B600B4A028 /* PBXContainerItemProxy */;
		};
		768FF1CC1BF0E3B600B4A028 /* PBXTargetDependency */ = {
			isa = PBXTargetDependency;
			target = 768FF1A51BF0E3B600B4A028 /* iHelp */;
			targetProxy = 768FF1CB1BF0E3B600B4A028 /* PBXContainerItemProxy */;
		};
/* End PBXTargetDependency section */

/* Begin PBXVariantGroup section */
		768FF1B21BF0E3B600B4A028 /* Main.storyboard */ = {
			isa = PBXVariantGroup;
			children = (
				768FF1B31BF0E3B600B4A028 /* Base */,
			);
			name = Main.storyboard;
			sourceTree = "<group>";
		};
		768FF1B71BF0E3B600B4A028 /* LaunchScreen.storyboard */ = {
			isa = PBXVariantGroup;
			children = (
				768FF1B81BF0E3B600B4A028 /* Base */,
			);
			name = LaunchScreen.storyboard;
			sourceTree = "<group>";
		};
/* End PBXVariantGroup section */

/* Begin XCBuildConfiguration section */
		768FF1D11BF0E3B600B4A028 /* Debug */ = {
			isa = XCBuildConfiguration;
			buildSettings = {
				ALWAYS_SEARCH_USER_PATHS = NO;
				CLANG_CXX_LANGUAGE_STANDARD = "gnu++0x";
				CLANG_CXX_LIBRARY = "libc++";
				CLANG_ENABLE_MODULES = YES;
				CLANG_ENABLE_OBJC_ARC = YES;
				CLANG_WARN_BOOL_CONVERSION = YES;
				CLANG_WARN_CONSTANT_CONVERSION = YES;
				CLANG_WARN_DIRECT_OBJC_ISA_USAGE = YES_ERROR;
				CLANG_WARN_EMPTY_BODY = YES;
				CLANG_WARN_ENUM_CONVERSION = YES;
				CLANG_WARN_INT_CONVERSION = YES;
				CLANG_WARN_OBJC_ROOT_CLASS = YES_ERROR;
				CLANG_WARN_UNREACHABLE_CODE = YES;
				CLANG_WARN__DUPLICATE_METHOD_MATCH = YES;
				"CODE_SIGN_IDENTITY[sdk=iphoneos*]" = "iPhone Developer";
				COPY_PHASE_STRIP = NO;
				DEBUG_INFORMATION_FORMAT = dwarf;
				ENABLE_STRICT_OBJC_MSGSEND = YES;
				ENABLE_TESTABILITY = YES;
				GCC_C_LANGUAGE_STANDARD = gnu99;
				GCC_DYNAMIC_NO_PIC = NO;
				GCC_NO_COMMON_BLOCKS = YES;
				GCC_OPTIMIZATION_LEVEL = 0;
				GCC_PREPROCESSOR_DEFINITIONS = (
					"DEBUG=1",
					"$(inherited)",
				);
				GCC_WARN_64_TO_32_BIT_CONVERSION = YES;
				GCC_WARN_ABOUT_RETURN_TYPE = YES_ERROR;
				GCC_WARN_UNDECLARED_SELECTOR = YES;
				GCC_WARN_UNINITIALIZED_AUTOS = YES_AGGRESSIVE;
				GCC_WARN_UNUSED_FUNCTION = YES;
				GCC_WARN_UNUSED_VARIABLE = YES;
				IPHONEOS_DEPLOYMENT_TARGET = 9.1;
				MTL_ENABLE_DEBUG_INFO = YES;
				ONLY_ACTIVE_ARCH = YES;
				SDKROOT = iphoneos;
				TARGETED_DEVICE_FAMILY = "1,2";
			};
			name = Debug;
		};
		768FF1D21BF0E3B600B4A028 /* Release */ = {
			isa = XCBuildConfiguration;
			buildSettings = {
				ALWAYS_SEARCH_USER_PATHS = NO;
				CLANG_CXX_LANGUAGE_STANDARD = "gnu++0x";
				CLANG_CXX_LIBRARY = "libc++";
				CLANG_ENABLE_MODULES = YES;
				CLANG_ENABLE_OBJC_ARC = YES;
				CLANG_WARN_BOOL_CONVERSION = YES;
				CLANG_WARN_CONSTANT_CONVERSION = YES;
				CLANG_WARN_DIRECT_OBJC_ISA_USAGE = YES_ERROR;
				CLANG_WARN_EMPTY_BODY = YES;
				CLANG_WARN_ENUM_CONVERSION = YES;
				CLANG_WARN_INT_CONVERSION = YES;
				CLANG_WARN_OBJC_ROOT_CLASS = YES_ERROR;
				CLANG_WARN_UNREACHABLE_CODE = YES;
				CLANG_WARN__DUPLICATE_METHOD_MATCH = YES;
				"CODE_SIGN_IDENTITY[sdk=iphoneos*]" = "iPhone Developer";
				COPY_PHASE_STRIP = NO;
				DEBUG_INFORMATION_FORMAT = "dwarf-with-dsym";
				ENABLE_NS_ASSERTIONS = NO;
				ENABLE_STRICT_OBJC_MSGSEND = YES;
				GCC_C_LANGUAGE_STANDARD = gnu99;
				GCC_NO_COMMON_BLOCKS = YES;
				GCC_WARN_64_TO_32_BIT_CONVERSION = YES;
				GCC_WARN_ABOUT_RETURN_TYPE = YES_ERROR;
				GCC_WARN_UNDECLARED_SELECTOR = YES;
				GCC_WARN_UNINITIALIZED_AUTOS = YES_AGGRESSIVE;
				GCC_WARN_UNUSED_FUNCTION = YES;
				GCC_WARN_UNUSED_VARIABLE = YES;
				IPHONEOS_DEPLOYMENT_TARGET = 9.1;
				MTL_ENABLE_DEBUG_INFO = NO;
				SDKROOT = iphoneos;
				TARGETED_DEVICE_FAMILY = "1,2";
				VALIDATE_PRODUCT = YES;
			};
			name = Release;
		};
		768FF1D41BF0E3B600B4A028 /* Debug */ = {
			isa = XCBuildConfiguration;
			baseConfigurationReference = 6882405A85E99B6617A2C0D1 /* Pods-iHelp.debug.xcconfig */;
			buildSettings = {
				ASSETCATALOG_COMPILER_APPICON_NAME = AppIcon;
				INFOPLIST_FILE = iHelp/Info.plist;
				LD_RUNPATH_SEARCH_PATHS = "$(inherited) @executable_path/Frameworks";
				PRODUCT_BUNDLE_IDENTIFIER = iHP.iHelp;
				PRODUCT_NAME = "$(TARGET_NAME)";
			};
			name = Debug;
		};
		768FF1D51BF0E3B600B4A028 /* Release */ = {
			isa = XCBuildConfiguration;
			baseConfigurationReference = ED412BB30E59E3EDECFDE9B2 /* Pods-iHelp.release.xcconfig */;
			buildSettings = {
				ASSETCATALOG_COMPILER_APPICON_NAME = AppIcon;
				INFOPLIST_FILE = iHelp/Info.plist;
				LD_RUNPATH_SEARCH_PATHS = "$(inherited) @executable_path/Frameworks";
				PRODUCT_BUNDLE_IDENTIFIER = iHP.iHelp;
				PRODUCT_NAME = "$(TARGET_NAME)";
			};
			name = Release;
		};
		768FF1D71BF0E3B600B4A028 /* Debug */ = {
			isa = XCBuildConfiguration;
			buildSettings = {
				BUNDLE_LOADER = "$(TEST_HOST)";
				INFOPLIST_FILE = iHelpTests/Info.plist;
				LD_RUNPATH_SEARCH_PATHS = "$(inherited) @executable_path/Frameworks @loader_path/Frameworks";
				PRODUCT_BUNDLE_IDENTIFIER = iHP.iHelpTests;
				PRODUCT_NAME = "$(TARGET_NAME)";
				TEST_HOST = "$(BUILT_PRODUCTS_DIR)/iHelp.app/iHelp";
			};
			name = Debug;
		};
		768FF1D81BF0E3B600B4A028 /* Release */ = {
			isa = XCBuildConfiguration;
			buildSettings = {
				BUNDLE_LOADER = "$(TEST_HOST)";
				INFOPLIST_FILE = iHelpTests/Info.plist;
				LD_RUNPATH_SEARCH_PATHS = "$(inherited) @executable_path/Frameworks @loader_path/Frameworks";
				PRODUCT_BUNDLE_IDENTIFIER = iHP.iHelpTests;
				PRODUCT_NAME = "$(TARGET_NAME)";
				TEST_HOST = "$(BUILT_PRODUCTS_DIR)/iHelp.app/iHelp";
			};
			name = Release;
		};
		768FF1DA1BF0E3B600B4A028 /* Debug */ = {
			isa = XCBuildConfiguration;
			buildSettings = {
				INFOPLIST_FILE = iHelpUITests/Info.plist;
				LD_RUNPATH_SEARCH_PATHS = "$(inherited) @executable_path/Frameworks @loader_path/Frameworks";
				PRODUCT_BUNDLE_IDENTIFIER = iHP.iHelpUITests;
				PRODUCT_NAME = "$(TARGET_NAME)";
				TEST_TARGET_NAME = iHelp;
				USES_XCTRUNNER = YES;
			};
			name = Debug;
		};
		768FF1DB1BF0E3B600B4A028 /* Release */ = {
			isa = XCBuildConfiguration;
			buildSettings = {
				INFOPLIST_FILE = iHelpUITests/Info.plist;
				LD_RUNPATH_SEARCH_PATHS = "$(inherited) @executable_path/Frameworks @loader_path/Frameworks";
				PRODUCT_BUNDLE_IDENTIFIER = iHP.iHelpUITests;
				PRODUCT_NAME = "$(TARGET_NAME)";
				TEST_TARGET_NAME = iHelp;
				USES_XCTRUNNER = YES;
			};
			name = Release;
		};
/* End XCBuildConfiguration section */

/* Begin XCConfigurationList section */
		768FF1A11BF0E3B600B4A028 /* Build configuration list for PBXProject "iHelp" */ = {
			isa = XCConfigurationList;
			buildConfigurations = (
				768FF1D11BF0E3B600B4A028 /* Debug */,
				768FF1D21BF0E3B600B4A028 /* Release */,
			);
			defaultConfigurationIsVisible = 0;
			defaultConfigurationName = Release;
		};
		768FF1D31BF0E3B600B4A028 /* Build configuration list for PBXNativeTarget "iHelp" */ = {
			isa = XCConfigurationList;
			buildConfigurations = (
				768FF1D41BF0E3B600B4A028 /* Debug */,
				768FF1D51BF0E3B600B4A028 /* Release */,
			);
			defaultConfigurationIsVisible = 0;
			defaultConfigurationName = Release;
		};
		768FF1D61BF0E3B600B4A028 /* Build configuration list for PBXNativeTarget "iHelpTests" */ = {
			isa = XCConfigurationList;
			buildConfigurations = (
				768FF1D71BF0E3B600B4A028 /* Debug */,
				768FF1D81BF0E3B600B4A028 /* Release */,
			);
			defaultConfigurationIsVisible = 0;
			defaultConfigurationName = Release;
		};
		768FF1D91BF0E3B600B4A028 /* Build configuration list for PBXNativeTarget "iHelpUITests" */ = {
			isa = XCConfigurationList;
			buildConfigurations = (
				768FF1DA1BF0E3B600B4A028 /* Debug */,
				768FF1DB1BF0E3B600B4A028 /* Release */,
			);
			defaultConfigurationIsVisible = 0;
			defaultConfigurationName = Release;
		};
/* End XCConfigurationList section */
	};
	rootObject = 768FF19E1BF0E3B600B4A028 /* Project object */;
}
